{
  "version": 4,
  "terraform_version": "1.3.5",
  "serial": 18,
  "lineage": "4f1af689-d51d-a5f2-78be-f7843722ac25",
  "outputs": {},
  "resources": [
    {
      "mode": "managed",
      "type": "azurerm_network_security_group",
      "name": "myterraformnsg",
      "provider": "provider[\"registry.terraform.io/hashicorp/azurerm\"]",
      "instances": [
        {
          "schema_version": 0,
          "attributes": {
            "id": "/subscriptions/02cb372f-c8c5-4a0c-b9f4-574eeb4d6d38/resourceGroups/fall2022-adv-scripting-jpatch/providers/Microsoft.Network/networkSecurityGroups/myNetworkSecurityGroup",
            "location": "centralus",
            "name": "myNetworkSecurityGroup",
            "resource_group_name": "fall2022-adv-scripting-jpatch",
            "security_rule": [
              {
                "access": "Allow",
                "description": "",
                "destination_address_prefix": "*",
                "destination_address_prefixes": [],
                "destination_application_security_group_ids": [],
                "destination_port_range": "22",
                "destination_port_ranges": [],
                "direction": "Inbound",
                "name": "SSH",
                "priority": 1001,
                "protocol": "Tcp",
                "source_address_prefix": "*",
                "source_address_prefixes": [],
                "source_application_security_group_ids": [],
                "source_port_range": "*",
                "source_port_ranges": []
              }
            ],
            "tags": {
              "environment": "Terraform Demo"
            },
            "timeouts": null
          },
          "sensitive_attributes": [],
          "private": ""
        }
      ]
    }
  ],
  "check_results": null
}
